
Microsoft Visual Studio Solution File, Format Version 12.00
Project("{FAE04EC0-301F-11D3-BF4B-00C04F79EFBC}") = "Day01", "Day01\Day01.csproj", "{5A8356D5-D8D8-41E8-A925-F8ADFC6CEB09}"
EndProject
Project("{FAE04EC0-301F-11D3-BF4B-00C04F79EFBC}") = "Day02", "Day02\Day02.csproj", "{6FE3E563-CA90-4347-A0EC-663E87D58CCF}"
EndProject
Project("{FAE04EC0-301F-11D3-BF4B-00C04F79EFBC}") = "Day03", "Day03\Day03.csproj", "{F8AA3BD1-E1F1-4077-B7E2-5FCF6D5BB657}"
EndProject
Project("{FAE04EC0-301F-11D3-BF4B-00C04F79EFBC}") = "Day04", "Day04\Day04.csproj", "{44AA6505-F61E-4C36-8F18-7A8F5A95B9BB}"
EndProject
Project("{FAE04EC0-301F-11D3-BF4B-00C04F79EFBC}") = "Day05", "Day05\Day05.csproj", "{F008BE93-247D-4392-97A7-0672C2F15A92}"
EndProject
Project("{FAE04EC0-301F-11D3-BF4B-00C04F79EFBC}") = "Day06", "Day06\Day06.csproj", "{4B79E4EF-DB97-4A8C-B603-0B8A087170D9}"
EndProject
Project("{FAE04EC0-301F-11D3-BF4B-00C04F79EFBC}") = "Day07", "Day07\Day07.csproj", "{AB7FAD91-D2DB-4203-93C5-4D2EBACBB9D5}"
EndProject
Project("{FAE04EC0-301F-11D3-BF4B-00C04F79EFBC}") = "Day08", "Day08\Day08.csproj", "{DB8A5977-A3F6-43E7-8DB8-A8F7C26111AE}"
EndProject
Project("{FAE04EC0-301F-11D3-BF4B-00C04F79EFBC}") = "Day09", "Day09\Day09.csproj", "{85F51168-E45C-42C4-A530-F3A2CB0E70FA}"
EndProject
Project("{FAE04EC0-301F-11D3-BF4B-00C04F79EFBC}") = "Day10", "Day10\Day10.csproj", "{AB842B89-D1E4-4945-AE9B-B0CBC405F71F}"
EndProject
Project("{FAE04EC0-301F-11D3-BF4B-00C04F79EFBC}") = "Day11", "Day11\Day11.csproj", "{ECC3D3F7-6BFE-4E12-88C0-64627D8DBB16}"
EndProject
Project("{FAE04EC0-301F-11D3-BF4B-00C04F79EFBC}") = "Day12", "Day12\Day12.csproj", "{76D20FB7-E8A5-4B83-9BFD-A90F0087731C}"
EndProject
Project("{FAE04EC0-301F-11D3-BF4B-00C04F79EFBC}") = "Day13", "Day13\Day13.csproj", "{DF3D5774-0B32-4C66-A102-C96D0151701C}"
EndProject
Project("{FAE04EC0-301F-11D3-BF4B-00C04F79EFBC}") = "Day14", "Day14\Day14.csproj", "{1FC687B5-FEBF-41FA-9298-EAFA6F9BFA77}"
EndProject
Project("{FAE04EC0-301F-11D3-BF4B-00C04F79EFBC}") = "Day15", "Day15\Day15.csproj", "{FC1DFDE0-5F46-418D-B8C3-8657EF952FDA}"
EndProject
Project("{FAE04EC0-301F-11D3-BF4B-00C04F79EFBC}") = "Day16", "Day16\Day16.csproj", "{A94A2CA0-D1D1-4F18-97AC-0C51341B185A}"
EndProject
Global
	GlobalSection(SolutionConfigurationPlatforms) = preSolution
		Debug|Any CPU = Debug|Any CPU
		Release|Any CPU = Release|Any CPU
	EndGlobalSection
	GlobalSection(ProjectConfigurationPlatforms) = postSolution
		{5A8356D5-D8D8-41E8-A925-F8ADFC6CEB09}.Debug|Any CPU.ActiveCfg = Debug|Any CPU
		{5A8356D5-D8D8-41E8-A925-F8ADFC6CEB09}.Debug|Any CPU.Build.0 = Debug|Any CPU
		{5A8356D5-D8D8-41E8-A925-F8ADFC6CEB09}.Release|Any CPU.ActiveCfg = Release|Any CPU
		{5A8356D5-D8D8-41E8-A925-F8ADFC6CEB09}.Release|Any CPU.Build.0 = Release|Any CPU
		{6FE3E563-CA90-4347-A0EC-663E87D58CCF}.Debug|Any CPU.ActiveCfg = Debug|Any CPU
		{6FE3E563-CA90-4347-A0EC-663E87D58CCF}.Debug|Any CPU.Build.0 = Debug|Any CPU
		{6FE3E563-CA90-4347-A0EC-663E87D58CCF}.Release|Any CPU.ActiveCfg = Release|Any CPU
		{6FE3E563-CA90-4347-A0EC-663E87D58CCF}.Release|Any CPU.Build.0 = Release|Any CPU
		{F8AA3BD1-E1F1-4077-B7E2-5FCF6D5BB657}.Debug|Any CPU.ActiveCfg = Debug|Any CPU
		{F8AA3BD1-E1F1-4077-B7E2-5FCF6D5BB657}.Debug|Any CPU.Build.0 = Debug|Any CPU
		{F8AA3BD1-E1F1-4077-B7E2-5FCF6D5BB657}.Release|Any CPU.ActiveCfg = Release|Any CPU
		{F8AA3BD1-E1F1-4077-B7E2-5FCF6D5BB657}.Release|Any CPU.Build.0 = Release|Any CPU
		{44AA6505-F61E-4C36-8F18-7A8F5A95B9BB}.Debug|Any CPU.ActiveCfg = Debug|Any CPU
		{44AA6505-F61E-4C36-8F18-7A8F5A95B9BB}.Debug|Any CPU.Build.0 = Debug|Any CPU
		{44AA6505-F61E-4C36-8F18-7A8F5A95B9BB}.Release|Any CPU.ActiveCfg = Release|Any CPU
		{44AA6505-F61E-4C36-8F18-7A8F5A95B9BB}.Release|Any CPU.Build.0 = Release|Any CPU
		{F008BE93-247D-4392-97A7-0672C2F15A92}.Debug|Any CPU.ActiveCfg = Debug|Any CPU
		{F008BE93-247D-4392-97A7-0672C2F15A92}.Debug|Any CPU.Build.0 = Debug|Any CPU
		{F008BE93-247D-4392-97A7-0672C2F15A92}.Release|Any CPU.ActiveCfg = Release|Any CPU
		{F008BE93-247D-4392-97A7-0672C2F15A92}.Release|Any CPU.Build.0 = Release|Any CPU
		{4B79E4EF-DB97-4A8C-B603-0B8A087170D9}.Debug|Any CPU.ActiveCfg = Debug|Any CPU
		{4B79E4EF-DB97-4A8C-B603-0B8A087170D9}.Debug|Any CPU.Build.0 = Debug|Any CPU
		{4B79E4EF-DB97-4A8C-B603-0B8A087170D9}.Release|Any CPU.ActiveCfg = Release|Any CPU
		{4B79E4EF-DB97-4A8C-B603-0B8A087170D9}.Release|Any CPU.Build.0 = Release|Any CPU
		{AB7FAD91-D2DB-4203-93C5-4D2EBACBB9D5}.Debug|Any CPU.ActiveCfg = Debug|Any CPU
		{AB7FAD91-D2DB-4203-93C5-4D2EBACBB9D5}.Debug|Any CPU.Build.0 = Debug|Any CPU
		{AB7FAD91-D2DB-4203-93C5-4D2EBACBB9D5}.Release|Any CPU.ActiveCfg = Release|Any CPU
		{AB7FAD91-D2DB-4203-93C5-4D2EBACBB9D5}.Release|Any CPU.Build.0 = Release|Any CPU
		{DB8A5977-A3F6-43E7-8DB8-A8F7C26111AE}.Debug|Any CPU.ActiveCfg = Debug|Any CPU
		{DB8A5977-A3F6-43E7-8DB8-A8F7C26111AE}.Debug|Any CPU.Build.0 = Debug|Any CPU
		{DB8A5977-A3F6-43E7-8DB8-A8F7C26111AE}.Release|Any CPU.ActiveCfg = Release|Any CPU
		{DB8A5977-A3F6-43E7-8DB8-A8F7C26111AE}.Release|Any CPU.Build.0 = Release|Any CPU
		{85F51168-E45C-42C4-A530-F3A2CB0E70FA}.Debug|Any CPU.ActiveCfg = Debug|Any CPU
		{85F51168-E45C-42C4-A530-F3A2CB0E70FA}.Debug|Any CPU.Build.0 = Debug|Any CPU
		{85F51168-E45C-42C4-A530-F3A2CB0E70FA}.Release|Any CPU.ActiveCfg = Release|Any CPU
		{85F51168-E45C-42C4-A530-F3A2CB0E70FA}.Release|Any CPU.Build.0 = Release|Any CPU
		{AB842B89-D1E4-4945-AE9B-B0CBC405F71F}.Debug|Any CPU.ActiveCfg = Debug|Any CPU
		{AB842B89-D1E4-4945-AE9B-B0CBC405F71F}.Debug|Any CPU.Build.0 = Debug|Any CPU
		{AB842B89-D1E4-4945-AE9B-B0CBC405F71F}.Release|Any CPU.ActiveCfg = Release|Any CPU
		{AB842B89-D1E4-4945-AE9B-B0CBC405F71F}.Release|Any CPU.Build.0 = Release|Any CPU
		{ECC3D3F7-6BFE-4E12-88C0-64627D8DBB16}.Debug|Any CPU.ActiveCfg = Debug|Any CPU
		{ECC3D3F7-6BFE-4E12-88C0-64627D8DBB16}.Debug|Any CPU.Build.0 = Debug|Any CPU
		{ECC3D3F7-6BFE-4E12-88C0-64627D8DBB16}.Release|Any CPU.ActiveCfg = Release|Any CPU
		{ECC3D3F7-6BFE-4E12-88C0-64627D8DBB16}.Release|Any CPU.Build.0 = Release|Any CPU
		{76D20FB7-E8A5-4B83-9BFD-A90F0087731C}.Debug|Any CPU.ActiveCfg = Debug|Any CPU
		{76D20FB7-E8A5-4B83-9BFD-A90F0087731C}.Debug|Any CPU.Build.0 = Debug|Any CPU
		{76D20FB7-E8A5-4B83-9BFD-A90F0087731C}.Release|Any CPU.ActiveCfg = Release|Any CPU
		{76D20FB7-E8A5-4B83-9BFD-A90F0087731C}.Release|Any CPU.Build.0 = Release|Any CPU
		{DF3D5774-0B32-4C66-A102-C96D0151701C}.Debug|Any CPU.ActiveCfg = Debug|Any CPU
		{DF3D5774-0B32-4C66-A102-C96D0151701C}.Debug|Any CPU.Build.0 = Debug|Any CPU
		{DF3D5774-0B32-4C66-A102-C96D0151701C}.Release|Any CPU.ActiveCfg = Release|Any CPU
		{DF3D5774-0B32-4C66-A102-C96D0151701C}.Release|Any CPU.Build.0 = Release|Any CPU
		{1FC687B5-FEBF-41FA-9298-EAFA6F9BFA77}.Debug|Any CPU.ActiveCfg = Debug|Any CPU
		{1FC687B5-FEBF-41FA-9298-EAFA6F9BFA77}.Debug|Any CPU.Build.0 = Debug|Any CPU
		{1FC687B5-FEBF-41FA-9298-EAFA6F9BFA77}.Release|Any CPU.ActiveCfg = Release|Any CPU
		{1FC687B5-FEBF-41FA-9298-EAFA6F9BFA77}.Release|Any CPU.Build.0 = Release|Any CPU
		{FC1DFDE0-5F46-418D-B8C3-8657EF952FDA}.Debug|Any CPU.ActiveCfg = Debug|Any CPU
		{FC1DFDE0-5F46-418D-B8C3-8657EF952FDA}.Debug|Any CPU.Build.0 = Debug|Any CPU
		{FC1DFDE0-5F46-418D-B8C3-8657EF952FDA}.Release|Any CPU.ActiveCfg = Release|Any CPU
		{FC1DFDE0-5F46-418D-B8C3-8657EF952FDA}.Release|Any CPU.Build.0 = Release|Any CPU
		{A94A2CA0-D1D1-4F18-97AC-0C51341B185A}.Debug|Any CPU.ActiveCfg = Debug|Any CPU
		{A94A2CA0-D1D1-4F18-97AC-0C51341B185A}.Debug|Any CPU.Build.0 = Debug|Any CPU
		{A94A2CA0-D1D1-4F18-97AC-0C51341B185A}.Release|Any CPU.ActiveCfg = Release|Any CPU
		{A94A2CA0-D1D1-4F18-97AC-0C51341B185A}.Release|Any CPU.Build.0 = Release|Any CPU
	EndGlobalSection
EndGlobal
